
Microsoft Visual Studio Solution File, Format Version 12.00
# Visual Studio 15
VisualStudioVersion = 15.0.28307.645
MinimumVisualStudioVersion = 10.0.40219.1
Project("{8BC9CEB8-8B4A-11D0-8D11-00A0C91BC942}") = "Op_server", "Op_server\Op_server.vcxproj", "{7611500A-EC76-4142-89FD-A90A936FBAEB}"
EndProject
Global
	GlobalSection(SolutionConfigurationPlatforms) = preSolution
		Debug|x64 = Debug|x64
		Debug|x86 = Debug|x86
		Release|x64 = Release|x64
		Release|x86 = Release|x86
	EndGlobalSection
	GlobalSection(ProjectConfigurationPlatforms) = postSolution
		{7611500A-EC76-4142-89FD-A90A936FBAEB}.Debug|x64.ActiveCfg = Debug|x64
		{7611500A-EC76-4142-89FD-A90A936FBAEB}.Debug|x64.Build.0 = Debug|x64
		{7611500A-EC76-4142-89FD-A90A936FBAEB}.Debug|x86.ActiveCfg = Debug|Win32
		{7611500A-EC76-4142-89FD-A90A936FBAEB}.Debug|x86.Build.0 = Debug|Win32
		{7611500A-EC76-4142-89FD-A90A936FBAEB}.Release|x64.ActiveCfg = Release|x64
		{7611500A-EC76-4142-89FD-A90A936FBAEB}.Release|x64.Build.0 = Release|x64
		{7611500A-EC76-4142-89FD-A90A936FBAEB}.Release|x86.ActiveCfg = Release|Win32
		{7611500A-EC76-4142-89FD-A90A936FBAEB}.Release|x86.Build.0 = Release|Win32
	EndGlobalSection
	GlobalSection(SolutionProperties) = preSolution
		HideSolutionNode = FALSE
	EndGlobalSection
	GlobalSection(ExtensibilityGlobals) = postSolution
		SolutionGuid = {53D9B613-4690-483D-8EB0-4AC8A753257D}
	EndGlobalSection
EndGlobal
