
Microsoft Visual Studio Solution File, Format Version 12.00
# Visual Studio 15
VisualStudioVersion = 15.0.28010.2016
MinimumVisualStudioVersion = 10.0.40219.1
Project("{8BC9CEB8-8B4A-11D0-8D11-00A0C91BC942}") = "Polylist", "Polylist\Polylist.vcxproj", "{1EFB5A2C-9C9E-4C8F-9F01-263798A559A0}"
EndProject
Global
	GlobalSection(SolutionConfigurationPlatforms) = preSolution
		Debug|x64 = Debug|x64
		Debug|x86 = Debug|x86
		Release|x64 = Release|x64
		Release|x86 = Release|x86
	EndGlobalSection
	GlobalSection(ProjectConfigurationPlatforms) = postSolution
		{1EFB5A2C-9C9E-4C8F-9F01-263798A559A0}.Debug|x64.ActiveCfg = Debug|x64
		{1EFB5A2C-9C9E-4C8F-9F01-263798A559A0}.Debug|x64.Build.0 = Debug|x64
		{1EFB5A2C-9C9E-4C8F-9F01-263798A559A0}.Debug|x86.ActiveCfg = Debug|Win32
		{1EFB5A2C-9C9E-4C8F-9F01-263798A559A0}.Debug|x86.Build.0 = Debug|Win32
		{1EFB5A2C-9C9E-4C8F-9F01-263798A559A0}.Release|x64.ActiveCfg = Release|x64
		{1EFB5A2C-9C9E-4C8F-9F01-263798A559A0}.Release|x64.Build.0 = Release|x64
		{1EFB5A2C-9C9E-4C8F-9F01-263798A559A0}.Release|x86.ActiveCfg = Release|Win32
		{1EFB5A2C-9C9E-4C8F-9F01-263798A559A0}.Release|x86.Build.0 = Release|Win32
	EndGlobalSection
	GlobalSection(SolutionProperties) = preSolution
		HideSolutionNode = FALSE
	EndGlobalSection
	GlobalSection(ExtensibilityGlobals) = postSolution
		SolutionGuid = {74162160-5DD2-4929-95F0-E3A5F4C4452F}
	EndGlobalSection
EndGlobal
