
Microsoft Visual Studio Solution File, Format Version 12.00
# Visual Studio 15
VisualStudioVersion = 15.0.28010.2016
MinimumVisualStudioVersion = 10.0.40219.1
Project("{8BC9CEB8-8B4A-11D0-8D11-00A0C91BC942}") = "SequentialSearch", "SequentialSearch\SequentialSearch.vcxproj", "{ABE7FB44-810C-4698-8E79-366DF15344AE}"
EndProject
Global
	GlobalSection(SolutionConfigurationPlatforms) = preSolution
		Debug|x64 = Debug|x64
		Debug|x86 = Debug|x86
		Release|x64 = Release|x64
		Release|x86 = Release|x86
	EndGlobalSection
	GlobalSection(ProjectConfigurationPlatforms) = postSolution
		{ABE7FB44-810C-4698-8E79-366DF15344AE}.Debug|x64.ActiveCfg = Debug|x64
		{ABE7FB44-810C-4698-8E79-366DF15344AE}.Debug|x64.Build.0 = Debug|x64
		{ABE7FB44-810C-4698-8E79-366DF15344AE}.Debug|x86.ActiveCfg = Debug|Win32
		{ABE7FB44-810C-4698-8E79-366DF15344AE}.Debug|x86.Build.0 = Debug|Win32
		{ABE7FB44-810C-4698-8E79-366DF15344AE}.Release|x64.ActiveCfg = Release|x64
		{ABE7FB44-810C-4698-8E79-366DF15344AE}.Release|x64.Build.0 = Release|x64
		{ABE7FB44-810C-4698-8E79-366DF15344AE}.Release|x86.ActiveCfg = Release|Win32
		{ABE7FB44-810C-4698-8E79-366DF15344AE}.Release|x86.Build.0 = Release|Win32
	EndGlobalSection
	GlobalSection(SolutionProperties) = preSolution
		HideSolutionNode = FALSE
	EndGlobalSection
	GlobalSection(ExtensibilityGlobals) = postSolution
		SolutionGuid = {90A11CD1-3E17-4F7F-81FA-9782F39FCEFF}
	EndGlobalSection
EndGlobal
